# This file is autogenerated, do not edit; changes may be undone by the next 'dep ensure'.


[[projects]]
  digest = "1:16460869ffcc880274194f5bb2d49004ad7b9d5ecc156478d6f2d547c17fce3b"
  name = "github.com/rakyll/statik"
  packages = ["."]
  pruneopts = "UT"
  revision = "19b88da8fc15428620782ba18f68423130e7ac7d"
  version = "v0.1.3"

[solve-meta]
  analyzer-name = "dep"
  analyzer-version = 1
  input-imports = ["github.com/rakyll/statik"]
  solver-name = "gps-cdcl"
  solver-version = 1
